
Microsoft Visual Studio Solution File, Format Version 12.00
# Visual Studio 15
VisualStudioVersion = 15.0.27428.2037
MinimumVisualStudioVersion = 10.0.40219.1
Project("{FAE04EC0-301F-11D3-BF4B-00C04F79EFBC}") = "CompositeMenu", "CompositeMenu\CompositeMenu.csproj", "{F92AADB3-4D9D-463F-8351-E3C69C107662}"
EndProject
Global
	GlobalSection(SolutionConfigurationPlatforms) = preSolution
		Debug|Any CPU = Debug|Any CPU
		Release|Any CPU = Release|Any CPU
	EndGlobalSection
	GlobalSection(ProjectConfigurationPlatforms) = postSolution
		{F92AADB3-4D9D-463F-8351-E3C69C107662}.Debug|Any CPU.ActiveCfg = Debug|Any CPU
		{F92AADB3-4D9D-463F-8351-E3C69C107662}.Debug|Any CPU.Build.0 = Debug|Any CPU
		{F92AADB3-4D9D-463F-8351-E3C69C107662}.Release|Any CPU.ActiveCfg = Release|Any CPU
		{F92AADB3-4D9D-463F-8351-E3C69C107662}.Release|Any CPU.Build.0 = Release|Any CPU
	EndGlobalSection
	GlobalSection(SolutionProperties) = preSolution
		HideSolutionNode = FALSE
	EndGlobalSection
	GlobalSection(ExtensibilityGlobals) = postSolution
		SolutionGuid = {B04AF39C-CD37-441F-8F67-76E71D5E11E5}
	EndGlobalSection
EndGlobal
